
Microsoft Visual Studio Solution File, Format Version 12.00
# Visual Studio Version 17
VisualStudioVersion = 17.1.32319.34
MinimumVisualStudioVersion = 10.0.40219.1
Project("{FAE04EC0-301F-11D3-BF4B-00C04F79EFBC}") = "BakiAbadliq", "BakiAbadliq\BakiAbadliq.csproj", "{9621BC5F-9802-4DE3-AC67-79CDD2829F64}"
EndProject
Project("{FAE04EC0-301F-11D3-BF4B-00C04F79EFBC}") = "BusinessLayer", "BusinessLayer\BusinessLayer.csproj", "{CD81B46A-F63C-4541-907B-25C718999C06}"
EndProject
Project("{FAE04EC0-301F-11D3-BF4B-00C04F79EFBC}") = "CoreLayer", "CoreLayer\CoreLayer.csproj", "{4EF27EBC-6A6A-4A93-AD65-26E44EDB1890}"
EndProject
Project("{FAE04EC0-301F-11D3-BF4B-00C04F79EFBC}") = "DataAccessLayer", "DataAccessLayer\DataAccessLayer.csproj", "{53B7991A-6F56-4592-B64C-504E2A4FFD26}"
EndProject
Project("{FAE04EC0-301F-11D3-BF4B-00C04F79EFBC}") = "EntityLayer", "EntityLayer\EntityLayer.csproj", "{089A7331-F458-4B80-8833-351A9467DE52}"
EndProject
Global
	GlobalSection(SolutionConfigurationPlatforms) = preSolution
		Debug|Any CPU = Debug|Any CPU
		Release|Any CPU = Release|Any CPU
	EndGlobalSection
	GlobalSection(ProjectConfigurationPlatforms) = postSolution
		{9621BC5F-9802-4DE3-AC67-79CDD2829F64}.Debug|Any CPU.ActiveCfg = Debug|Any CPU
		{9621BC5F-9802-4DE3-AC67-79CDD2829F64}.Debug|Any CPU.Build.0 = Debug|Any CPU
		{9621BC5F-9802-4DE3-AC67-79CDD2829F64}.Release|Any CPU.ActiveCfg = Release|Any CPU
		{9621BC5F-9802-4DE3-AC67-79CDD2829F64}.Release|Any CPU.Build.0 = Release|Any CPU
		{CD81B46A-F63C-4541-907B-25C718999C06}.Debug|Any CPU.ActiveCfg = Debug|Any CPU
		{CD81B46A-F63C-4541-907B-25C718999C06}.Debug|Any CPU.Build.0 = Debug|Any CPU
		{CD81B46A-F63C-4541-907B-25C718999C06}.Release|Any CPU.ActiveCfg = Release|Any CPU
		{CD81B46A-F63C-4541-907B-25C718999C06}.Release|Any CPU.Build.0 = Release|Any CPU
		{4EF27EBC-6A6A-4A93-AD65-26E44EDB1890}.Debug|Any CPU.ActiveCfg = Debug|Any CPU
		{4EF27EBC-6A6A-4A93-AD65-26E44EDB1890}.Debug|Any CPU.Build.0 = Debug|Any CPU
		{4EF27EBC-6A6A-4A93-AD65-26E44EDB1890}.Release|Any CPU.ActiveCfg = Release|Any CPU
		{4EF27EBC-6A6A-4A93-AD65-26E44EDB1890}.Release|Any CPU.Build.0 = Release|Any CPU
		{53B7991A-6F56-4592-B64C-504E2A4FFD26}.Debug|Any CPU.ActiveCfg = Debug|Any CPU
		{53B7991A-6F56-4592-B64C-504E2A4FFD26}.Debug|Any CPU.Build.0 = Debug|Any CPU
		{53B7991A-6F56-4592-B64C-504E2A4FFD26}.Release|Any CPU.ActiveCfg = Release|Any CPU
		{53B7991A-6F56-4592-B64C-504E2A4FFD26}.Release|Any CPU.Build.0 = Release|Any CPU
		{089A7331-F458-4B80-8833-351A9467DE52}.Debug|Any CPU.ActiveCfg = Debug|Any CPU
		{089A7331-F458-4B80-8833-351A9467DE52}.Debug|Any CPU.Build.0 = Debug|Any CPU
		{089A7331-F458-4B80-8833-351A9467DE52}.Release|Any CPU.ActiveCfg = Release|Any CPU
		{089A7331-F458-4B80-8833-351A9467DE52}.Release|Any CPU.Build.0 = Release|Any CPU
	EndGlobalSection
	GlobalSection(SolutionProperties) = preSolution
		HideSolutionNode = FALSE
	EndGlobalSection
	GlobalSection(ExtensibilityGlobals) = postSolution
		SolutionGuid = {A0277DBB-B106-402C-A54C-3CD79B3A04A8}
	EndGlobalSection
EndGlobal
